
Microsoft Visual Studio Solution File, Format Version 12.00
# Visual Studio Version 17
VisualStudioVersion = 17.9.34728.123
MinimumVisualStudioVersion = 10.0.40219.1
Project("{9A19103F-16F7-4668-BE54-9A1E7A4F7556}") = "GerenciamentoBiblioteca", "CrudOperationsInNetCore\GerenciamentoBiblioteca.csproj", "{A5FAD123-3942-4439-AAD0-51CB5FA3565C}"
EndProject
Global
	GlobalSection(SolutionConfigurationPlatforms) = preSolution
		Debug|Any CPU = Debug|Any CPU
		Release|Any CPU = Release|Any CPU
	EndGlobalSection
	GlobalSection(ProjectConfigurationPlatforms) = postSolution
		{A5FAD123-3942-4439-AAD0-51CB5FA3565C}.Debug|Any CPU.ActiveCfg = Debug|Any CPU
		{A5FAD123-3942-4439-AAD0-51CB5FA3565C}.Debug|Any CPU.Build.0 = Debug|Any CPU
		{A5FAD123-3942-4439-AAD0-51CB5FA3565C}.Release|Any CPU.ActiveCfg = Release|Any CPU
		{A5FAD123-3942-4439-AAD0-51CB5FA3565C}.Release|Any CPU.Build.0 = Release|Any CPU
	EndGlobalSection
	GlobalSection(SolutionProperties) = preSolution
		HideSolutionNode = FALSE
	EndGlobalSection
	GlobalSection(ExtensibilityGlobals) = postSolution
		SolutionGuid = {16CFD1B0-445D-4F73-AF8C-A20E9EDC6584}
	EndGlobalSection
EndGlobal
